{
  "schemaVersion": 1,
  "artifact": "ando.developer_docs",
  "generatedAt": "2026-07-12T19:29:36.114Z",
  "source": {
    "commit": "6eb23c8a43dd6a714d776d4c624586f33fa7666e",
    "repository": "Ando-Corporation/ando"
  },
  "inputs": {
    "openApi": {
      "path": "docs/api/public-api-v1.openapi.json",
      "sha256": "27a426402e20064fa1317a91555438aeaac2cbf545ce05634098191f45eabe3a"
    },
    "publicMcp": {
      "path": "docs/architecture/generated/mcp-public-tools.json",
      "sourceManifestHash": "398a5ba9b12d51da",
      "publicToolCount": 32,
      "publicApiOverlapToolCount": 17
    },
    "webhookEvents": {
      "path": "docs/api/generated/webhook-events.json",
      "sourceFingerprintSha256": "a65a6b91ba19890a089c76d4edf138ebf0f99d6658f0a0ad72081ed74879211b",
      "eventCount": 10,
      "asyncApiGenerated": false
    }
  },
  "openapi": {
    "title": "Ando Public API",
    "version": "v1",
    "operationCount": 29,
    "requiredOperations": [
      "abortFileUpload",
      "completeFileUpload",
      "createFile",
      "createWebhookEndpoint",
      "getFile",
      "getWebhookEndpoint",
      "listWebhookDeliveries",
      "listWebhookEndpoints",
      "openRealtimeConnection",
      "replayWebhookDelivery",
      "rotateWebhookEndpointSecret",
      "sendWebhookEndpointTestEvent",
      "updateWebhookEndpoint"
    ]
  },
  "downstreamSync": {
    "repository": "Ando-Corporation/mintlify-docs",
    "workflow": "sync-generated-developer-docs.yml",
    "artifactName": "developer-docs-artifacts",
    "inputs": [
      "source_repository",
      "source_run_id",
      "source_commit",
      "artifact_name"
    ]
  },
  "artifacts": [
    {
      "byteSize": 236955,
      "path": "openapi.json",
      "sha256": "3db65c0f4c08d5a9cd3bc325d0540b87e3049d2e59cbf7b9544818f7703d7f87"
    },
    {
      "byteSize": 236955,
      "path": "openapi-public-api-v1-latest.json",
      "sha256": "3db65c0f4c08d5a9cd3bc325d0540b87e3049d2e59cbf7b9544818f7703d7f87"
    },
    {
      "byteSize": 236955,
      "path": "openapi-public-api-v1-2026-07-12.json",
      "sha256": "3db65c0f4c08d5a9cd3bc325d0540b87e3049d2e59cbf7b9544818f7703d7f87"
    },
    {
      "byteSize": 236955,
      "path": "api-reference/openapi.json",
      "sha256": "3db65c0f4c08d5a9cd3bc325d0540b87e3049d2e59cbf7b9544818f7703d7f87"
    },
    {
      "byteSize": 33652,
      "path": "mcp-public-tools.json",
      "sha256": "c7c86512a4e16d3f661a77fba172a827e4efe68d6dcd8fa78079a48aa11770f7"
    },
    {
      "byteSize": 4318,
      "path": "mcp-public-tools.mdx",
      "sha256": "c416cfee5bc88e582e24bfc0c3f819fe98ab309111f08f0d1d155392890e1535"
    },
    {
      "byteSize": 5803,
      "path": "webhook-events.json",
      "sha256": "ae77acba016d5c36cfd8fe3d5ce8c2e1d1f66c07d1a269ab0111f0b30ef2a2d9"
    },
    {
      "byteSize": 2392,
      "path": "webhook-events.mdx",
      "sha256": "88a80f9a5382809b6ca3ab6d9ca226241d2a620f00dee9ab1c3add27306f1c2c"
    }
  ],
  "downstreamTransforms": [
    {
      "name": "mintlify-public-api-example-compatibility-fields",
      "description": "Adds required compatibility fields to generated OpenAPI examples before publishing docs artifacts."
    }
  ]
}
