{
  "schemaVersion": 1,
  "artifact": "ando.developer_docs",
  "generatedAt": "2026-06-03T23:24:55.356Z",
  "source": {
    "commit": "4e5af1b3ebf74bf3f432dc6331d25dbd86253810",
    "repository": "Ando-Corporation/ando"
  },
  "inputs": {
    "openApi": {
      "path": "docs/api/public-api-v1.openapi.json",
      "sha256": "d515a088784dcacf1baee07969dd01192ab5f519d7d69fe010e8248d7b89fafb"
    },
    "publicMcp": {
      "path": "docs/architecture/generated/mcp-public-tools.json",
      "sourceManifestHash": "ae2b3f2471078216",
      "publicToolCount": 30,
      "publicApiOverlapToolCount": 17
    },
    "webhookEvents": {
      "path": "docs/api/generated/webhook-events.json",
      "sourceFingerprintSha256": "6a37fdf526b253233737185d408e4cc413a7ce5857f00a3eed1d3d760ceaa82d",
      "eventCount": 10,
      "asyncApiGenerated": false
    }
  },
  "openapi": {
    "title": "Ando Public API",
    "version": "v1",
    "operationCount": 25,
    "requiredOperations": [
      "createWebhookEndpoint",
      "getWebhookEndpoint",
      "listWebhookDeliveries",
      "listWebhookEndpoints",
      "openRealtimeConnection",
      "replayWebhookDelivery",
      "rotateWebhookEndpointSecret",
      "sendWebhookEndpointTestEvent",
      "updateWebhookEndpoint"
    ]
  },
  "downstreamSync": {
    "repository": "Ando-Corporation/mintlify-docs",
    "workflow": "sync-generated-developer-docs.yml",
    "artifactName": "developer-docs-artifacts",
    "inputs": [
      "source_repository",
      "source_run_id",
      "source_commit",
      "artifact_name"
    ]
  },
  "artifacts": [
    {
      "byteSize": 210644,
      "path": "openapi.json",
      "sha256": "e4773c6707a09479e888f4d384830972eff6a0d51939b021db1ce6467d387127"
    },
    {
      "byteSize": 210644,
      "path": "openapi-public-api-v1-latest.json",
      "sha256": "e4773c6707a09479e888f4d384830972eff6a0d51939b021db1ce6467d387127"
    },
    {
      "byteSize": 210644,
      "path": "openapi-public-api-v1-2026-06-03.json",
      "sha256": "e4773c6707a09479e888f4d384830972eff6a0d51939b021db1ce6467d387127"
    },
    {
      "byteSize": 210644,
      "path": "api-reference/openapi.json",
      "sha256": "e4773c6707a09479e888f4d384830972eff6a0d51939b021db1ce6467d387127"
    },
    {
      "byteSize": 31843,
      "path": "mcp-public-tools.json",
      "sha256": "3965396439046a82fdf2363f8245e0dd171013e83657bcaf8234b317491c8c50"
    },
    {
      "byteSize": 4087,
      "path": "mcp-public-tools.mdx",
      "sha256": "c25aa11173a29e1da9f5dd24953b3dc990f61599f8734f202420eeea03ffe50e"
    },
    {
      "byteSize": 6018,
      "path": "webhook-events.json",
      "sha256": "e12139c627d1db55fa0fb2f4797f4e69eb0f982d724f1ec22c8d4352f9f1ecd5"
    },
    {
      "byteSize": 2461,
      "path": "webhook-events.mdx",
      "sha256": "d7b5fdfda07a6069dfdb9b99045af731f09cb725cf6f996e54e6d56e31e458e1"
    }
  ],
  "downstreamTransforms": [
    {
      "name": "mintlify-public-api-example-compatibility-fields",
      "description": "Adds required compatibility fields to generated OpenAPI examples before publishing docs artifacts."
    }
  ]
}
