{
  "schemaVersion": 1,
  "artifact": "ando.developer_docs",
  "generatedAt": "2026-06-03T04:15:01.147Z",
  "source": {
    "commit": "cf35af76431d7730ce46bf05e3b19989174116b2",
    "repository": "Ando-Corporation/ando"
  },
  "inputs": {
    "openApi": {
      "path": "docs/api/public-api-v1.openapi.json",
      "sha256": "749a806fea0763c56ebfd2cc11eeaffe97c57c4d528b0cc41d88f547fa3de616"
    },
    "publicMcp": {
      "path": "docs/architecture/generated/mcp-public-tools.json",
      "sourceManifestHash": "6714158636b3f795",
      "publicToolCount": 30,
      "publicApiOverlapToolCount": 17
    },
    "webhookEvents": {
      "path": "docs/api/generated/webhook-events.json",
      "sourceFingerprintSha256": "7865865f253a27e5b61b1abab13eced3ef7cd7dd37b3081b973cb4d520b9e561",
      "eventCount": 10,
      "asyncApiGenerated": false
    }
  },
  "openapi": {
    "title": "Ando Public API",
    "version": "v1",
    "operationCount": 25,
    "requiredOperations": [
      "createWebhookEndpoint",
      "getWebhookEndpoint",
      "listWebhookDeliveries",
      "listWebhookEndpoints",
      "openRealtimeConnection",
      "replayWebhookDelivery",
      "rotateWebhookEndpointSecret",
      "sendWebhookEndpointTestEvent",
      "updateWebhookEndpoint"
    ]
  },
  "downstreamSync": {
    "repository": "Ando-Corporation/mintlify-docs",
    "workflow": "sync-generated-developer-docs.yml",
    "artifactName": "developer-docs-artifacts",
    "inputs": [
      "source_repository",
      "source_run_id",
      "source_commit",
      "artifact_name"
    ]
  },
  "artifacts": [
    {
      "byteSize": 213016,
      "path": "openapi.json",
      "sha256": "b030edf615e7df951b1a09afaab2aacc3b951b2bf68166bc411c087245575540"
    },
    {
      "byteSize": 213016,
      "path": "openapi-public-api-v1-latest.json",
      "sha256": "b030edf615e7df951b1a09afaab2aacc3b951b2bf68166bc411c087245575540"
    },
    {
      "byteSize": 213016,
      "path": "openapi-public-api-v1-2026-06-03.json",
      "sha256": "b030edf615e7df951b1a09afaab2aacc3b951b2bf68166bc411c087245575540"
    },
    {
      "byteSize": 213016,
      "path": "api-reference/openapi.json",
      "sha256": "b030edf615e7df951b1a09afaab2aacc3b951b2bf68166bc411c087245575540"
    },
    {
      "byteSize": 32707,
      "path": "mcp-public-tools.json",
      "sha256": "878de84fbcd559c9de86ee472884d2f435ff80b49e617ada35e0f3fc426ac231"
    },
    {
      "byteSize": 4316,
      "path": "mcp-public-tools.mdx",
      "sha256": "5f0a466e2ec72823d8fad0e099c6d169a9d4022a14f3ce61b7dea39e32b2195e"
    },
    {
      "byteSize": 6218,
      "path": "webhook-events.json",
      "sha256": "fa14b110c6da13e8e0d68a1fb22a31925a2f0206affd4df4519fd6afb1abc824"
    },
    {
      "byteSize": 2461,
      "path": "webhook-events.mdx",
      "sha256": "49e5ad1fab262ca877af175d6818e97372fb6a64cc68d11d06d4a0f8a161268e"
    }
  ],
  "downstreamTransforms": [
    {
      "name": "mintlify-public-api-example-compatibility-fields",
      "description": "Adds required compatibility fields to generated OpenAPI examples before publishing docs artifacts."
    }
  ]
}
